{
  "name": "Car Rental Webpage",
  "lockfileVersion": 3,
  "requires": true,
  "packages": {
    "": {
      "dependencies": {
        "remixicon": "^3.2.0"
      }
    },
    "node_modules/remixicon": {
      "version": "3.2.0",
      "resolved": "https://registry.npmjs.org/remixicon/-/remixicon-3.2.0.tgz",
      "integrity": "sha512-ADh4EQE4UGtm9GHqD+TIfVp1b0zeWso6efaMAnejdB6/7Z1W02Ka5K8khQaz+LNgIqC6dSZxCvXMWNalYWHiNQ=="
    }
  }
}
